// !$*UTF8*$!
{
	archiveVersion = 1;
	classes = {
	};
	objectVersion = 48;
	objects = {

/* Begin PBXBuildFile section */
		9FC5EF081F7E8833002BB6A7 /* AppDelegate.swift in Sources */ = {isa = PBXBuildFile; fileRef = 9FC5EF071F7E8833002BB6A7 /* AppDelegate.swift */; };
		9FC5EF0A1F7E8833002BB6A7 /* art.scnassets in Resources */ = {isa = PBXBuildFile; fileRef = 9FC5EF091F7E8833002BB6A7 /* art.scnassets */; };
		9FC5EF0C1F7E8833002BB6A7 /* ViewController.swift in Sources */ = {isa = PBXBuildFile; fileRef = 9FC5EF0B1F7E8833002BB6A7 /* ViewController.swift */; };
		9FC5EF0F1F7E8833002BB6A7 /* Main.storyboard in Resources */ = {isa = PBXBuildFile; fileRef = 9FC5EF0D1F7E8833002BB6A7 /* Main.storyboard */; };
		9FC5EF111F7E8833002BB6A7 /* Assets.xcassets in Resources */ = {isa = PBXBuildFile; fileRef = 9FC5EF101F7E8833002BB6A7 /* Assets.xcassets */; };
		9FC5EF141F7E8833002BB6A7 /* LaunchScreen.storyboard in Resources */ = {isa = PBXBuildFile; fileRef = 9FC5EF121F7E8833002BB6A7 /* LaunchScreen.storyboard */; };
		9FC5EF1D1F7E8846002BB6A7 /* StoreKit.framework in Frameworks */ = {isa = PBXBuildFile; fileRef = 9FC5EF1C1F7E8846002BB6A7 /* StoreKit.framework */; };
		9FC5EF1F1F7E884F002BB6A7 /* GameKit.framework in Frameworks */ = {isa = PBXBuildFile; fileRef = 9FC5EF1E1F7E884F002BB6A7 /* GameKit.framework */; };
		9FC5EF211F7E9BB0002BB6A7 /* PlaneClass.swift in Sources */ = {isa = PBXBuildFile; fileRef = 9FC5EF201F7E9BB0002BB6A7 /* PlaneClass.swift */; };
		9FC5EF231F7E9BFE002BB6A7 /* Constants.swift in Sources */ = {isa = PBXBuildFile; fileRef = 9FC5EF221F7E9BFE002BB6A7 /* Constants.swift */; };
		9FC5EF281F7E9E02002BB6A7 /* AssetLoader.swift in Sources */ = {isa = PBXBuildFile; fileRef = 9FC5EF271F7E9E02002BB6A7 /* AssetLoader.swift */; };
		9FC5EF2A1F7EAF34002BB6A7 /* UtilitiesClass.swift in Sources */ = {isa = PBXBuildFile; fileRef = 9FC5EF291F7EAF34002BB6A7 /* UtilitiesClass.swift */; };
		9FC5EF2D1F8193DC002BB6A7 /* ViewController.swift in Sources */ = {isa = PBXBuildFile; fileRef = 9FC5EF0B1F7E8833002BB6A7 /* ViewController.swift */; };
		9FC5EF2E1F8193DC002BB6A7 /* PlaneClass.swift in Sources */ = {isa = PBXBuildFile; fileRef = 9FC5EF201F7E9BB0002BB6A7 /* PlaneClass.swift */; };
		9FC5EF2F1F8193DC002BB6A7 /* AppDelegate.swift in Sources */ = {isa = PBXBuildFile; fileRef = 9FC5EF071F7E8833002BB6A7 /* AppDelegate.swift */; };
		9FC5EF301F8193DC002BB6A7 /* AssetLoader.swift in Sources */ = {isa = PBXBuildFile; fileRef = 9FC5EF271F7E9E02002BB6A7 /* AssetLoader.swift */; };
		9FC5EF311F8193DC002BB6A7 /* Constants.swift in Sources */ = {isa = PBXBuildFile; fileRef = 9FC5EF221F7E9BFE002BB6A7 /* Constants.swift */; };
		9FC5EF321F8193DC002BB6A7 /* UtilitiesClass.swift in Sources */ = {isa = PBXBuildFile; fileRef = 9FC5EF291F7EAF34002BB6A7 /* UtilitiesClass.swift */; };
		9FC5EF341F8193DC002BB6A7 /* StoreKit.framework in Frameworks */ = {isa = PBXBuildFile; fileRef = 9FC5EF1C1F7E8846002BB6A7 /* StoreKit.framework */; };
		9FC5EF351F8193DC002BB6A7 /* GameKit.framework in Frameworks */ = {isa = PBXBuildFile; fileRef = 9FC5EF1E1F7E884F002BB6A7 /* GameKit.framework */; };
		9FC5EF371F8193DC002BB6A7 /* art.scnassets in Resources */ = {isa = PBXBuildFile; fileRef = 9FC5EF091F7E8833002BB6A7 /* art.scnassets */; };
		9FC5EF381F8193DC002BB6A7 /* LaunchScreen.storyboard in Resources */ = {isa = PBXBuildFile; fileRef = 9FC5EF121F7E8833002BB6A7 /* LaunchScreen.storyboard */; };
		9FC5EF391F8193DC002BB6A7 /* Assets.xcassets in Resources */ = {isa = PBXBuildFile; fileRef = 9FC5EF101F7E8833002BB6A7 /* Assets.xcassets */; };
		9FC5EF3A1F8193DC002BB6A7 /* Main.storyboard in Resources */ = {isa = PBXBuildFile; fileRef = 9FC5EF0D1F7E8833002BB6A7 /* Main.storyboard */; };
/* End PBXBuildFile section */

/* Begin PBXFileReference section */
		9FC5EF041F7E8833002BB6A7 /* ARMatch.app */ = {isa = PBXFileReference; explicitFileType = wrapper.application; includeInIndex = 0; path = ARMatch.app; sourceTree = BUILT_PRODUCTS_DIR; };
		9FC5EF071F7E8833002BB6A7 /* AppDelegate.swift */ = {isa = PBXFileReference; lastKnownFileType = sourcecode.swift; path = AppDelegate.swift; sourceTree = "<group>"; };
		9FC5EF091F7E8833002BB6A7 /* art.scnassets */ = {isa = PBXFileReference; lastKnownFileType = wrapper.scnassets; path = art.scnassets; sourceTree = "<group>"; };
		9FC5EF0B1F7E8833002BB6A7 /* ViewController.swift */ = {isa = PBXFileReference; lastKnownFileType = sourcecode.swift; path = ViewController.swift; sourceTree = "<group>"; };
		9FC5EF0E1F7E8833002BB6A7 /* Base */ = {isa = PBXFileReference; lastKnownFileType = file.storyboard; name = Base; path = Base.lproj/Main.storyboard; sourceTree = "<group>"; };
		9FC5EF101F7E8833002BB6A7 /* Assets.xcassets */ = {isa = PBXFileReference; lastKnownFileType = folder.assetcatalog; path = Assets.xcassets; sourceTree = "<group>"; };
		9FC5EF131F7E8833002BB6A7 /* Base */ = {isa = PBXFileReference; lastKnownFileType = file.storyboard; name = Base; path = Base.lproj/LaunchScreen.storyboard; sourceTree = "<group>"; };
		9FC5EF151F7E8833002BB6A7 /* Info.plist */ = {isa = PBXFileReference; lastKnownFileType = text.plist.xml; path = Info.plist; sourceTree = "<group>"; };
		9FC5EF1C1F7E8846002BB6A7 /* StoreKit.framework */ = {isa = PBXFileReference; lastKnownFileType = wrapper.framework; name = StoreKit.framework; path = System/Library/Frameworks/StoreKit.framework; sourceTree = SDKROOT; };
		9FC5EF1E1F7E884F002BB6A7 /* GameKit.framework */ = {isa = PBXFileReference; lastKnownFileType = wrapper.framework; name = GameKit.framework; path = System/Library/Frameworks/GameKit.framework; sourceTree = SDKROOT; };
		9FC5EF201F7E9BB0002BB6A7 /* PlaneClass.swift */ = {isa = PBXFileReference; lastKnownFileType = sourcecode.swift; path = PlaneClass.swift; sourceTree = "<group>"; };
		9FC5EF221F7E9BFE002BB6A7 /* Constants.swift */ = {isa = PBXFileReference; lastKnownFileType = sourcecode.swift; path = Constants.swift; sourceTree = "<group>"; };
		9FC5EF271F7E9E02002BB6A7 /* AssetLoader.swift */ = {isa = PBXFileReference; lastKnownFileType = sourcecode.swift; path = AssetLoader.swift; sourceTree = "<group>"; };
		9FC5EF291F7EAF34002BB6A7 /* UtilitiesClass.swift */ = {isa = PBXFileReference; lastKnownFileType = sourcecode.swift; path = UtilitiesClass.swift; sourceTree = "<group>"; };
		9FC5EF3E1F8193DC002BB6A7 /* ARMatch Dev.app */ = {isa = PBXFileReference; explicitFileType = wrapper.application; includeInIndex = 0; path = "ARMatch Dev.app"; sourceTree = BUILT_PRODUCTS_DIR; };
		9FC5EF3F1F8193DC002BB6A7 /* ARMatch copy-Info.plist */ = {isa = PBXFileReference; lastKnownFileType = text.plist.xml; name = "ARMatch copy-Info.plist"; path = "/Users/french/Library/Autosave Information/ARMatch/ARMatch copy-Info.plist"; sourceTree = "<absolute>"; };
/* End PBXFileReference section */

/* Begin PBXFrameworksBuildPhase section */
		9FC5EF011F7E8833002BB6A7 /* Frameworks */ = {
			isa = PBXFrameworksBuildPhase;
			buildActionMask = 2147483647;
			files = (
				9FC5EF1D1F7E8846002BB6A7 /* StoreKit.framework in Frameworks */,
				9FC5EF1F1F7E884F002BB6A7 /* GameKit.framework in Frameworks */,
			);
			runOnlyForDeploymentPostprocessing = 0;
		};
		9FC5EF331F8193DC002BB6A7 /* Frameworks */ = {
			isa = PBXFrameworksBuildPhase;
			buildActionMask = 2147483647;
			files = (
				9FC5EF341F8193DC002BB6A7 /* StoreKit.framework in Frameworks */,
				9FC5EF351F8193DC002BB6A7 /* GameKit.framework in Frameworks */,
			);
			runOnlyForDeploymentPostprocessing = 0;
		};
/* End PBXFrameworksBuildPhase section */

/* Begin PBXGroup section */
		9FC5EEFB1F7E8833002BB6A7 = {
			isa = PBXGroup;
			children = (
				9FC5EF061F7E8833002BB6A7 /* ARMatch */,
				9FC5EF051F7E8833002BB6A7 /* Products */,
				9FC5EF1B1F7E8846002BB6A7 /* Frameworks */,
				9FC5EF3F1F8193DC002BB6A7 /* ARMatch copy-Info.plist */,
			);
			sourceTree = "<group>";
		};
		9FC5EF051F7E8833002BB6A7 /* Products */ = {
			isa = PBXGroup;
			children = (
				9FC5EF041F7E8833002BB6A7 /* ARMatch.app */,
				9FC5EF3E1F8193DC002BB6A7 /* ARMatch Dev.app */,
			);
			name = Products;
			sourceTree = "<group>";
		};
		9FC5EF061F7E8833002BB6A7 /* ARMatch */ = {
			isa = PBXGroup;
			children = (
				9FC5EF261F7E9D2D002BB6A7 /* Utilities&Constants */,
				9FC5EF071F7E8833002BB6A7 /* AppDelegate.swift */,
				9FC5EF091F7E8833002BB6A7 /* art.scnassets */,
				9FC5EF251F7E9D02002BB6A7 /* Classes */,
				9FC5EF0D1F7E8833002BB6A7 /* Main.storyboard */,
				9FC5EF101F7E8833002BB6A7 /* Assets.xcassets */,
				9FC5EF121F7E8833002BB6A7 /* LaunchScreen.storyboard */,
				9FC5EF151F7E8833002BB6A7 /* Info.plist */,
			);
			path = ARMatch;
			sourceTree = "<group>";
		};
		9FC5EF1B1F7E8846002BB6A7 /* Frameworks */ = {
			isa = PBXGroup;
			children = (
				9FC5EF1E1F7E884F002BB6A7 /* GameKit.framework */,
				9FC5EF1C1F7E8846002BB6A7 /* StoreKit.framework */,
			);
			name = Frameworks;
			sourceTree = "<group>";
		};
		9FC5EF251F7E9D02002BB6A7 /* Classes */ = {
			isa = PBXGroup;
			children = (
				9FC5EF201F7E9BB0002BB6A7 /* PlaneClass.swift */,
				9FC5EF0B1F7E8833002BB6A7 /* ViewController.swift */,
			);
			path = Classes;
			sourceTree = "<group>";
		};
		9FC5EF261F7E9D2D002BB6A7 /* Utilities&Constants */ = {
			isa = PBXGroup;
			children = (
				9FC5EF221F7E9BFE002BB6A7 /* Constants.swift */,
				9FC5EF271F7E9E02002BB6A7 /* AssetLoader.swift */,
				9FC5EF291F7EAF34002BB6A7 /* UtilitiesClass.swift */,
			);
			path = "Utilities&Constants";
			sourceTree = "<group>";
		};
/* End PBXGroup section */

/* Begin PBXNativeTarget section */
		9FC5EF031F7E8833002BB6A7 /* ARMatch */ = {
			isa = PBXNativeTarget;
			buildConfigurationList = 9FC5EF181F7E8833002BB6A7 /* Build configuration list for PBXNativeTarget "ARMatch" */;
			buildPhases = (
				9FC5EF001F7E8833002BB6A7 /* Sources */,
				9FC5EF011F7E8833002BB6A7 /* Frameworks */,
				9FC5EF021F7E8833002BB6A7 /* Resources */,
			);
			buildRules = (
			);
			dependencies = (
			);
			name = ARMatch;
			productName = ARMatch;
			productReference = 9FC5EF041F7E8833002BB6A7 /* ARMatch.app */;
			productType = "com.apple.product-type.application";
		};
		9FC5EF2B1F8193DC002BB6A7 /* ARMatch Dev */ = {
			isa = PBXNativeTarget;
			buildConfigurationList = 9FC5EF3B1F8193DC002BB6A7 /* Build configuration list for PBXNativeTarget "ARMatch Dev" */;
			buildPhases = (
				9FC5EF2C1F8193DC002BB6A7 /* Sources */,
				9FC5EF331F8193DC002BB6A7 /* Frameworks */,
				9FC5EF361F8193DC002BB6A7 /* Resources */,
			);
			buildRules = (
			);
			dependencies = (
			);
			name = "ARMatch Dev";
			productName = ARMatch;
			productReference = 9FC5EF3E1F8193DC002BB6A7 /* ARMatch Dev.app */;
			productType = "com.apple.product-type.application";
		};
/* End PBXNativeTarget section */

/* Begin PBXProject section */
		9FC5EEFC1F7E8833002BB6A7 /* Project object */ = {
			isa = PBXProject;
			attributes = {
				LastSwiftUpdateCheck = 0900;
				LastUpgradeCheck = 0900;
				ORGANIZATIONNAME = TwinScorpion;
				TargetAttributes = {
					9FC5EF031F7E8833002BB6A7 = {
						CreatedOnToolsVersion = 9.0;
						ProvisioningStyle = Automatic;
						SystemCapabilities = {
							com.apple.GameCenter = {
								enabled = 1;
							};
							com.apple.InAppPurchase = {
								enabled = 1;
							};
						};
					};
					9FC5EF2B1F8193DC002BB6A7 = {
						ProvisioningStyle = Automatic;
					};
				};
			};
			buildConfigurationList = 9FC5EEFF1F7E8833002BB6A7 /* Build configuration list for PBXProject "ARMatch" */;
			compatibilityVersion = "Xcode 8.0";
			developmentRegion = en;
			hasScannedForEncodings = 0;
			knownRegions = (
				en,
				Base,
			);
			mainGroup = 9FC5EEFB1F7E8833002BB6A7;
			productRefGroup = 9FC5EF051F7E8833002BB6A7 /* Products */;
			projectDirPath = "";
			projectRoot = "";
			targets = (
				9FC5EF031F7E8833002BB6A7 /* ARMatch */,
				9FC5EF2B1F8193DC002BB6A7 /* ARMatch Dev */,
			);
		};
/* End PBXProject section */

/* Begin PBXResourcesBuildPhase section */
		9FC5EF021F7E8833002BB6A7 /* Resources */ = {
			isa = PBXResourcesBuildPhase;
			buildActionMask = 2147483647;
			files = (
				9FC5EF0A1F7E8833002BB6A7 /* art.scnassets in Resources */,
				9FC5EF141F7E8833002BB6A7 /* LaunchScreen.storyboard in Resources */,
				9FC5EF111F7E8833002BB6A7 /* Assets.xcassets in Resources */,
				9FC5EF0F1F7E8833002BB6A7 /* Main.storyboard in Resources */,
			);
			runOnlyForDeploymentPostprocessing = 0;
		};
		9FC5EF361F8193DC002BB6A7 /* Resources */ = {
			isa = PBXResourcesBuildPhase;
			buildActionMask = 2147483647;
			files = (
				9FC5EF371F8193DC002BB6A7 /* art.scnassets in Resources */,
				9FC5EF381F8193DC002BB6A7 /* LaunchScreen.storyboard in Resources */,
				9FC5EF391F8193DC002BB6A7 /* Assets.xcassets in Resources */,
				9FC5EF3A1F8193DC002BB6A7 /* Main.storyboard in Resources */,
			);
			runOnlyForDeploymentPostprocessing = 0;
		};
/* End PBXResourcesBuildPhase section */

/* Begin PBXSourcesBuildPhase section */
		9FC5EF001F7E8833002BB6A7 /* Sources */ = {
			isa = PBXSourcesBuildPhase;
			buildActionMask = 2147483647;
			files = (
				9FC5EF0C1F7E8833002BB6A7 /* ViewController.swift in Sources */,
				9FC5EF211F7E9BB0002BB6A7 /* PlaneClass.swift in Sources */,
				9FC5EF081F7E8833002BB6A7 /* AppDelegate.swift in Sources */,
				9FC5EF281F7E9E02002BB6A7 /* AssetLoader.swift in Sources */,
				9FC5EF231F7E9BFE002BB6A7 /* Constants.swift in Sources */,
				9FC5EF2A1F7EAF34002BB6A7 /* UtilitiesClass.swift in Sources */,
			);
			runOnlyForDeploymentPostprocessing = 0;
		};
		9FC5EF2C1F8193DC002BB6A7 /* Sources */ = {
			isa = PBXSourcesBuildPhase;
			buildActionMask = 2147483647;
			files = (
				9FC5EF2D1F8193DC002BB6A7 /* ViewController.swift in Sources */,
				9FC5EF2E1F8193DC002BB6A7 /* PlaneClass.swift in Sources */,
				9FC5EF2F1F8193DC002BB6A7 /* AppDelegate.swift in Sources */,
				9FC5EF301F8193DC002BB6A7 /* AssetLoader.swift in Sources */,
				9FC5EF311F8193DC002BB6A7 /* Constants.swift in Sources */,
				9FC5EF321F8193DC002BB6A7 /* UtilitiesClass.swift in Sources */,
			);
			runOnlyForDeploymentPostprocessing = 0;
		};
/* End PBXSourcesBuildPhase section */

/* Begin PBXVariantGroup section */
		9FC5EF0D1F7E8833002BB6A7 /* Main.storyboard */ = {
			isa = PBXVariantGroup;
			children = (
				9FC5EF0E1F7E8833002BB6A7 /* Base */,
			);
			name = Main.storyboard;
			sourceTree = "<group>";
		};
		9FC5EF121F7E8833002BB6A7 /* LaunchScreen.storyboard */ = {
			isa = PBXVariantGroup;
			children = (
				9FC5EF131F7E8833002BB6A7 /* Base */,
			);
			name = LaunchScreen.storyboard;
			sourceTree = "<group>";
		};
/* End PBXVariantGroup section */

/* Begin XCBuildConfiguration section */
		9FC5EF161F7E8833002BB6A7 /* Debug */ = {
			isa = XCBuildConfiguration;
			buildSettings = {
				ALWAYS_SEARCH_USER_PATHS = NO;
				CLANG_ANALYZER_NONNULL = YES;
				CLANG_ANALYZER_NUMBER_OBJECT_CONVERSION = YES_AGGRESSIVE;
				CLANG_CXX_LANGUAGE_STANDARD = "gnu++14";
				CLANG_CXX_LIBRARY = "libc++";
				CLANG_ENABLE_MODULES = YES;
				CLANG_ENABLE_OBJC_ARC = YES;
				CLANG_WARN_BLOCK_CAPTURE_AUTORELEASING = YES;
				CLANG_WARN_BOOL_CONVERSION = YES;
				CLANG_WARN_COMMA = YES;
				CLANG_WARN_CONSTANT_CONVERSION = YES;
				CLANG_WARN_DIRECT_OBJC_ISA_USAGE = YES_ERROR;
				CLANG_WARN_DOCUMENTATION_COMMENTS = YES;
				CLANG_WARN_EMPTY_BODY = YES;
				CLANG_WARN_ENUM_CONVERSION = YES;
				CLANG_WARN_INFINITE_RECURSION = YES;
				CLANG_WARN_INT_CONVERSION = YES;
				CLANG_WARN_NON_LITERAL_NULL_CONVERSION = YES;
				CLANG_WARN_OBJC_LITERAL_CONVERSION = YES;
				CLANG_WARN_OBJC_ROOT_CLASS = YES_ERROR;
				CLANG_WARN_RANGE_LOOP_ANALYSIS = YES;
				CLANG_WARN_STRICT_PROTOTYPES = YES;
				CLANG_WARN_SUSPICIOUS_MOVE = YES;
				CLANG_WARN_UNGUARDED_AVAILABILITY = YES_AGGRESSIVE;
				CLANG_WARN_UNREACHABLE_CODE = YES;
				CLANG_WARN__DUPLICATE_METHOD_MATCH = YES;
				CODE_SIGN_IDENTITY = "iPhone Developer";
				COPY_PHASE_STRIP = NO;
				DEBUG_INFORMATION_FORMAT = dwarf;
				ENABLE_STRICT_OBJC_MSGSEND = YES;
				ENABLE_TESTABILITY = YES;
				GCC_C_LANGUAGE_STANDARD = gnu11;
				GCC_DYNAMIC_NO_PIC = NO;
				GCC_NO_COMMON_BLOCKS = YES;
				GCC_OPTIMIZATION_LEVEL = 0;
				GCC_PREPROCESSOR_DEFINITIONS = (
					"DEBUG=1",
					"$(inherited)",
				);
				GCC_WARN_64_TO_32_BIT_CONVERSION = YES;
				GCC_WARN_ABOUT_RETURN_TYPE = YES_ERROR;
				GCC_WARN_UNDECLARED_SELECTOR = YES;
				GCC_WARN_UNINITIALIZED_AUTOS = YES_AGGRESSIVE;
				GCC_WARN_UNUSED_FUNCTION = YES;
				GCC_WARN_UNUSED_VARIABLE = YES;
				IPHONEOS_DEPLOYMENT_TARGET = 11.0;
				MTL_ENABLE_DEBUG_INFO = YES;
				ONLY_ACTIVE_ARCH = YES;
				SDKROOT = iphoneos;
				SWIFT_ACTIVE_COMPILATION_CONDITIONS = DEBUG;
				SWIFT_OPTIMIZATION_LEVEL = "-Onone";
			};
			name = Debug;
		};
		9FC5EF171F7E8833002BB6A7 /* Release */ = {
			isa = XCBuildConfiguration;
			buildSettings = {
				ALWAYS_SEARCH_USER_PATHS = NO;
				CLANG_ANALYZER_NONNULL = YES;
				CLANG_ANALYZER_NUMBER_OBJECT_CONVERSION = YES_AGGRESSIVE;
				CLANG_CXX_LANGUAGE_STANDARD = "gnu++14";
				CLANG_CXX_LIBRARY = "libc++";
				CLANG_ENABLE_MODULES = YES;
				CLANG_ENABLE_OBJC_ARC = YES;
				CLANG_WARN_BLOCK_CAPTURE_AUTORELEASING = YES;
				CLANG_WARN_BOOL_CONVERSION = YES;
				CLANG_WARN_COMMA = YES;
				CLANG_WARN_CONSTANT_CONVERSION = YES;
				CLANG_WARN_DIRECT_OBJC_ISA_USAGE = YES_ERROR;
				CLANG_WARN_DOCUMENTATION_COMMENTS = YES;
				CLANG_WARN_EMPTY_BODY = YES;
				CLANG_WARN_ENUM_CONVERSION = YES;
				CLANG_WARN_INFINITE_RECURSION = YES;
				CLANG_WARN_INT_CONVERSION = YES;
				CLANG_WARN_NON_LITERAL_NULL_CONVERSION = YES;
				CLANG_WARN_OBJC_LITERAL_CONVERSION = YES;
				CLANG_WARN_OBJC_ROOT_CLASS = YES_ERROR;
				CLANG_WARN_RANGE_LOOP_ANALYSIS = YES;
				CLANG_WARN_STRICT_PROTOTYPES = YES;
				CLANG_WARN_SUSPICIOUS_MOVE = YES;
				CLANG_WARN_UNGUARDED_AVAILABILITY = YES_AGGRESSIVE;
				CLANG_WARN_UNREACHABLE_CODE = YES;
				CLANG_WARN__DUPLICATE_METHOD_MATCH = YES;
				CODE_SIGN_IDENTITY = "iPhone Developer";
				COPY_PHASE_STRIP = NO;
				DEBUG_INFORMATION_FORMAT = "dwarf-with-dsym";
				ENABLE_NS_ASSERTIONS = NO;
				ENABLE_STRICT_OBJC_MSGSEND = YES;
				GCC_C_LANGUAGE_STANDARD = gnu11;
				GCC_NO_COMMON_BLOCKS = YES;
				GCC_WARN_64_TO_32_BIT_CONVERSION = YES;
				GCC_WARN_ABOUT_RETURN_TYPE = YES_ERROR;
				GCC_WARN_UNDECLARED_SELECTOR = YES;
				GCC_WARN_UNINITIALIZED_AUTOS = YES_AGGRESSIVE;
				GCC_WARN_UNUSED_FUNCTION = YES;
				GCC_WARN_UNUSED_VARIABLE = YES;
				IPHONEOS_DEPLOYMENT_TARGET = 11.0;
				MTL_ENABLE_DEBUG_INFO = NO;
				SDKROOT = iphoneos;
				SWIFT_OPTIMIZATION_LEVEL = "-Owholemodule";
				VALIDATE_PRODUCT = YES;
			};
			name = Release;
		};
		9FC5EF191F7E8833002BB6A7 /* Debug */ = {
			isa = XCBuildConfiguration;
			buildSettings = {
				ASSETCATALOG_COMPILER_APPICON_NAME = AppIcon;
				CODE_SIGN_STYLE = Automatic;
				DEVELOPMENT_TEAM = 7T7EM2BX82;
				INFOPLIST_FILE = ARMatch/Info.plist;
				LD_RUNPATH_SEARCH_PATHS = "$(inherited) @executable_path/Frameworks";
				PRODUCT_BUNDLE_IDENTIFIER = com.twinscorpion.ARMatch;
				PRODUCT_NAME = "$(TARGET_NAME)";
				SWIFT_VERSION = 4.0;
				TARGETED_DEVICE_FAMILY = "1,2";
			};
			name = Debug;
		};
		9FC5EF1A1F7E8833002BB6A7 /* Release */ = {
			isa = XCBuildConfiguration;
			buildSettings = {
				ASSETCATALOG_COMPILER_APPICON_NAME = AppIcon;
				CODE_SIGN_STYLE = Automatic;
				DEVELOPMENT_TEAM = 7T7EM2BX82;
				INFOPLIST_FILE = ARMatch/Info.plist;
				LD_RUNPATH_SEARCH_PATHS = "$(inherited) @executable_path/Frameworks";
				PRODUCT_BUNDLE_IDENTIFIER = com.twinscorpion.ARMatch;
				PRODUCT_NAME = "$(TARGET_NAME)";
				SWIFT_VERSION = 4.0;
				TARGETED_DEVICE_FAMILY = "1,2";
			};
			name = Release;
		};
		9FC5EF3C1F8193DC002BB6A7 /* Debug */ = {
			isa = XCBuildConfiguration;
			buildSettings = {
				ASSETCATALOG_COMPILER_APPICON_NAME = AppIcon;
				CODE_SIGN_STYLE = Automatic;
				DEVELOPMENT_TEAM = 7T7EM2BX82;
				INFOPLIST_FILE = "ARMatch copy-Info.plist";
				LD_RUNPATH_SEARCH_PATHS = "$(inherited) @executable_path/Frameworks";
				PRODUCT_BUNDLE_IDENTIFIER = "com.twinscorpion.ARMatch-Dev";
				PRODUCT_NAME = "$(TARGET_NAME)";
				SWIFT_VERSION = 4.0;
				TARGETED_DEVICE_FAMILY = "1,2";
			};
			name = Debug;
		};
		9FC5EF3D1F8193DC002BB6A7 /* Release */ = {
			isa = XCBuildConfiguration;
			buildSettings = {
				ASSETCATALOG_COMPILER_APPICON_NAME = AppIcon;
				CODE_SIGN_STYLE = Automatic;
				DEVELOPMENT_TEAM = 7T7EM2BX82;
				INFOPLIST_FILE = "ARMatch copy-Info.plist";
				LD_RUNPATH_SEARCH_PATHS = "$(inherited) @executable_path/Frameworks";
				PRODUCT_BUNDLE_IDENTIFIER = "com.twinscorpion.ARMatch-Dev";
				PRODUCT_NAME = "$(TARGET_NAME)";
				SWIFT_VERSION = 4.0;
				TARGETED_DEVICE_FAMILY = "1,2";
			};
			name = Release;
		};
/* End XCBuildConfiguration section */

/* Begin XCConfigurationList section */
		9FC5EEFF1F7E8833002BB6A7 /* Build configuration list for PBXProject "ARMatch" */ = {
			isa = XCConfigurationList;
			buildConfigurations = (
				9FC5EF161F7E8833002BB6A7 /* Debug */,
				9FC5EF171F7E8833002BB6A7 /* Release */,
			);
			defaultConfigurationIsVisible = 0;
			defaultConfigurationName = Release;
		};
		9FC5EF181F7E8833002BB6A7 /* Build configuration list for PBXNativeTarget "ARMatch" */ = {
			isa = XCConfigurationList;
			buildConfigurations = (
				9FC5EF191F7E8833002BB6A7 /* Debug */,
				9FC5EF1A1F7E8833002BB6A7 /* Release */,
			);
			defaultConfigurationIsVisible = 0;
			defaultConfigurationName = Release;
		};
		9FC5EF3B1F8193DC002BB6A7 /* Build configuration list for PBXNativeTarget "ARMatch Dev" */ = {
			isa = XCConfigurationList;
			buildConfigurations = (
				9FC5EF3C1F8193DC002BB6A7 /* Debug */,
				9FC5EF3D1F8193DC002BB6A7 /* Release */,
			);
			defaultConfigurationIsVisible = 0;
			defaultConfigurationName = Release;
		};
/* End XCConfigurationList section */
	};
	rootObject = 9FC5EEFC1F7E8833002BB6A7 /* Project object */;
}
